
Microsoft Visual Studio Solution File, Format Version 12.00
# Visual Studio Version 17
VisualStudioVersion = 17.5.002.0
MinimumVisualStudioVersion = 10.0.40219.1
Project("{9A19103F-16F7-4668-BE54-9A1E7A4F7556}") = "ClassDemo", "ClassDemo\ClassDemo.csproj", "{E2B00514-C403-46FC-81E1-B3470F41A175}"
EndProject
Project("{9A19103F-16F7-4668-BE54-9A1E7A4F7556}") = "HelloWorld", "HelloWorld\HelloWorld.csproj", "{172BE4FB-722C-4EF3-ABAB-E202C4200BA3}"
EndProject
Global
	GlobalSection(SolutionConfigurationPlatforms) = preSolution
		Debug|Any CPU = Debug|Any CPU
		Release|Any CPU = Release|Any CPU
	EndGlobalSection
	GlobalSection(ProjectConfigurationPlatforms) = postSolution
		{E2B00514-C403-46FC-81E1-B3470F41A175}.Debug|Any CPU.ActiveCfg = Debug|Any CPU
		{E2B00514-C403-46FC-81E1-B3470F41A175}.Debug|Any CPU.Build.0 = Debug|Any CPU
		{E2B00514-C403-46FC-81E1-B3470F41A175}.Release|Any CPU.ActiveCfg = Release|Any CPU
		{E2B00514-C403-46FC-81E1-B3470F41A175}.Release|Any CPU.Build.0 = Release|Any CPU
		{172BE4FB-722C-4EF3-ABAB-E202C4200BA3}.Debug|Any CPU.ActiveCfg = Debug|Any CPU
		{172BE4FB-722C-4EF3-ABAB-E202C4200BA3}.Debug|Any CPU.Build.0 = Debug|Any CPU
		{172BE4FB-722C-4EF3-ABAB-E202C4200BA3}.Release|Any CPU.ActiveCfg = Release|Any CPU
		{172BE4FB-722C-4EF3-ABAB-E202C4200BA3}.Release|Any CPU.Build.0 = Release|Any CPU
	EndGlobalSection
	GlobalSection(SolutionProperties) = preSolution
		HideSolutionNode = FALSE
	EndGlobalSection
	GlobalSection(ExtensibilityGlobals) = postSolution
		SolutionGuid = {085113D3-91E0-4A71-997F-D0E6FB88833C}
	EndGlobalSection
EndGlobal
